
Microsoft Visual Studio Solution File, Format Version 12.00
# Visual Studio Version 16
VisualStudioVersion = 16.0.30717.126
MinimumVisualStudioVersion = 10.0.40219.1
Project("{9A19103F-16F7-4668-BE54-9A1E7A4F7556}") = "iMessengerCoreAPI", "iMessengerCoreAPI\iMessengerCoreAPI.csproj", "{878190C7-1244-40C1-A609-8315CB3E6D0B}"
EndProject
Project("{FAE04EC0-301F-11D3-BF4B-00C04F79EFBC}") = "iMessengerCoreAPI.Tests", "iMessengerCoreAPI.Tests\iMessengerCoreAPI.Tests.csproj", "{99B58F32-B107-42CD-B8AA-2B86F6C8DBD8}"
EndProject
Global
	GlobalSection(SolutionConfigurationPlatforms) = preSolution
		Debug|Any CPU = Debug|Any CPU
		Release|Any CPU = Release|Any CPU
	EndGlobalSection
	GlobalSection(ProjectConfigurationPlatforms) = postSolution
		{878190C7-1244-40C1-A609-8315CB3E6D0B}.Debug|Any CPU.ActiveCfg = Debug|Any CPU
		{878190C7-1244-40C1-A609-8315CB3E6D0B}.Debug|Any CPU.Build.0 = Debug|Any CPU
		{878190C7-1244-40C1-A609-8315CB3E6D0B}.Release|Any CPU.ActiveCfg = Release|Any CPU
		{878190C7-1244-40C1-A609-8315CB3E6D0B}.Release|Any CPU.Build.0 = Release|Any CPU
		{99B58F32-B107-42CD-B8AA-2B86F6C8DBD8}.Debug|Any CPU.ActiveCfg = Debug|Any CPU
		{99B58F32-B107-42CD-B8AA-2B86F6C8DBD8}.Debug|Any CPU.Build.0 = Debug|Any CPU
		{99B58F32-B107-42CD-B8AA-2B86F6C8DBD8}.Release|Any CPU.ActiveCfg = Release|Any CPU
		{99B58F32-B107-42CD-B8AA-2B86F6C8DBD8}.Release|Any CPU.Build.0 = Release|Any CPU
	EndGlobalSection
	GlobalSection(SolutionProperties) = preSolution
		HideSolutionNode = FALSE
	EndGlobalSection
	GlobalSection(ExtensibilityGlobals) = postSolution
		SolutionGuid = {586255BA-FB9F-46EE-B949-8E34DBEC5ED6}
	EndGlobalSection
EndGlobal
